
Microsoft Visual Studio Solution File, Format Version 12.00
# Visual Studio Version 17
VisualStudioVersion = 17.7.34024.191
MinimumVisualStudioVersion = 10.0.40219.1
Project("{9A19103F-16F7-4668-BE54-9A1E7A4F7556}") = "DistributedMemm.Api", "DistributedMemm.Api\DistributedMemm.Api.csproj", "{51CD8444-6FEA-4234-8768-CCFD58360E47}"
EndProject
Project("{9A19103F-16F7-4668-BE54-9A1E7A4F7556}") = "DistributedMemm.Lib", "DistributedMemm.Lib\DistributedMemm.Lib.csproj", "{3EB15FC9-B75A-4951-8B30-B7E03D65F17A}"
EndProject
Project("{9A19103F-16F7-4668-BE54-9A1E7A4F7556}") = "DistributedMemm.ReservationAPI", "DistributedMemm.ReservationAPI\DistributedMemm.ReservationAPI.csproj", "{35205413-1FDE-4A1A-B0EF-C2B704D357F2}"
EndProject
Project("{9A19103F-16F7-4668-BE54-9A1E7A4F7556}") = "DistributedMemm.Infrastructure", "DistributedMemm.Infrastructure\DistributedMemm.Infrastructure.csproj", "{9F8A4D9B-2717-430E-84B9-8A2F599E1B2A}"
EndProject
Global
	GlobalSection(SolutionConfigurationPlatforms) = preSolution
		Debug|Any CPU = Debug|Any CPU
		Release|Any CPU = Release|Any CPU
	EndGlobalSection
	GlobalSection(ProjectConfigurationPlatforms) = postSolution
		{51CD8444-6FEA-4234-8768-CCFD58360E47}.Debug|Any CPU.ActiveCfg = Debug|Any CPU
		{51CD8444-6FEA-4234-8768-CCFD58360E47}.Debug|Any CPU.Build.0 = Debug|Any CPU
		{51CD8444-6FEA-4234-8768-CCFD58360E47}.Release|Any CPU.ActiveCfg = Release|Any CPU
		{51CD8444-6FEA-4234-8768-CCFD58360E47}.Release|Any CPU.Build.0 = Release|Any CPU
		{3EB15FC9-B75A-4951-8B30-B7E03D65F17A}.Debug|Any CPU.ActiveCfg = Debug|Any CPU
		{3EB15FC9-B75A-4951-8B30-B7E03D65F17A}.Debug|Any CPU.Build.0 = Debug|Any CPU
		{3EB15FC9-B75A-4951-8B30-B7E03D65F17A}.Release|Any CPU.ActiveCfg = Release|Any CPU
		{3EB15FC9-B75A-4951-8B30-B7E03D65F17A}.Release|Any CPU.Build.0 = Release|Any CPU
		{35205413-1FDE-4A1A-B0EF-C2B704D357F2}.Debug|Any CPU.ActiveCfg = Debug|Any CPU
		{35205413-1FDE-4A1A-B0EF-C2B704D357F2}.Debug|Any CPU.Build.0 = Debug|Any CPU
		{35205413-1FDE-4A1A-B0EF-C2B704D357F2}.Release|Any CPU.ActiveCfg = Release|Any CPU
		{35205413-1FDE-4A1A-B0EF-C2B704D357F2}.Release|Any CPU.Build.0 = Release|Any CPU
		{9F8A4D9B-2717-430E-84B9-8A2F599E1B2A}.Debug|Any CPU.ActiveCfg = Debug|Any CPU
		{9F8A4D9B-2717-430E-84B9-8A2F599E1B2A}.Debug|Any CPU.Build.0 = Debug|Any CPU
		{9F8A4D9B-2717-430E-84B9-8A2F599E1B2A}.Release|Any CPU.ActiveCfg = Release|Any CPU
		{9F8A4D9B-2717-430E-84B9-8A2F599E1B2A}.Release|Any CPU.Build.0 = Release|Any CPU
	EndGlobalSection
	GlobalSection(SolutionProperties) = preSolution
		HideSolutionNode = FALSE
	EndGlobalSection
EndGlobal
